NeoBundleLock simple-javascript-indenter 0e22a3e30bb33415dca75453093710b2ec5a9cfd
NeoBundleLock vim-javascript-syntax 386c24a265ebb7bc3891e5f698ca1c7d64486e7d
NeoBundleLock neobundle.vim 4a3bb7fb323b62f571c22ff15139fe996dc60ac8
NeoBundleLock tagbar c6b473f5593a1cb9e567bb1a9a897f196f1f720a
NeoBundleLock unite.vim e0f3695a167c5b547cd7fb3de052be7f95a65ef0
NeoBundleLock neosnippet-snippets 975a2e9e0eca6ae9daea83779bf4d0651d328e08
NeoBundleLock emmet-vim 8b703a0a00a23a96477155099946714f6fdc2e63
NeoBundleLock vim-go-extra ea337f089bf1e80ff41837ebbad3ef123ba8dde9
NeoBundleLock vim-godef 48952546203ecae8c17d50d0aa2e6dcabcc85f0b
NeoBundleLock vimfiler 69bf57363139e7397b18d420944e979d1e5641ab
NeoBundleLock unite-outline 432bc03fe82d3699a8987c15162e914354c06685
NeoBundleLock neosnippet.vim 23327c4379b45798fb5b3e644adb77208c8ce68d
NeoBundleLock vimproc.vim 0f68bcd93399ecbcde3eaa4efd09107314c9bdee
NeoBundleLock vim-slim 0daaa8581f9a9968cebbc7d14ae9acf1625c0389
NeoBundleLock neocomplete.vim 5aecd20ba03203955b75057fbd6a40ae1899b692
